
Microsoft Visual Studio Solution File, Format Version 12.00
# Visual Studio Version 16
VisualStudioVersion = 16.0.30330.147
MinimumVisualStudioVersion = 10.0.40219.1
Project("{FAE04EC0-301F-11D3-BF4B-00C04F79EFBC}") = "EnvelopeModifier", "EnvelopeModifier\EnvelopeModifier.csproj", "{0EE23839-C1F7-4FF8-B90A-AA61A18AC61A}"
EndProject
Project("{2150E333-8FDC-42A3-9474-1A3956D46DE8}") = "Solution Items", "Solution Items", "{0FDE94AA-4674-4826-950E-B357308E6814}"
	ProjectSection(SolutionItems) = preProject
		.editorconfig = .editorconfig
	EndProjectSection
EndProject
Global
	GlobalSection(SolutionConfigurationPlatforms) = preSolution
		Debug|Any CPU = Debug|Any CPU
		Release|Any CPU = Release|Any CPU
	EndGlobalSection
	GlobalSection(ProjectConfigurationPlatforms) = postSolution
		{0EE23839-C1F7-4FF8-B90A-AA61A18AC61A}.Debug|Any CPU.ActiveCfg = Debug|Any CPU
		{0EE23839-C1F7-4FF8-B90A-AA61A18AC61A}.Debug|Any CPU.Build.0 = Debug|Any CPU
		{0EE23839-C1F7-4FF8-B90A-AA61A18AC61A}.Release|Any CPU.ActiveCfg = Release|Any CPU
		{0EE23839-C1F7-4FF8-B90A-AA61A18AC61A}.Release|Any CPU.Build.0 = Release|Any CPU
	EndGlobalSection
	GlobalSection(SolutionProperties) = preSolution
		HideSolutionNode = FALSE
	EndGlobalSection
	GlobalSection(ExtensibilityGlobals) = postSolution
		SolutionGuid = {664E3080-7E04-4DB3-A618-FC0FDCB95E82}
	EndGlobalSection
EndGlobal
